// !$*UTF8*$!
{
	archiveVersion = 1;
	classes = {
	};
	objectVersion = 56;
	objects = {

/* Begin PBXBuildFile section */
		491B012A2CC7FF32003684B3 /* GreenViewController.swift in Sources */ = {isa = PBXBuildFile; fileRef = 491B01292CC7FF32003684B3 /* GreenViewController.swift */; };
		498EEE3A2CC7F9250043926A /* AppDelegate.swift in Sources */ = {isa = PBXBuildFile; fileRef = 498EEE392CC7F9250043926A /* AppDelegate.swift */; };
		498EEE3C2CC7F9250043926A /* SceneDelegate.swift in Sources */ = {isa = PBXBuildFile; fileRef = 498EEE3B2CC7F9250043926A /* SceneDelegate.swift */; };
		498EEE3E2CC7F9250043926A /* RedViewController.swift in Sources */ = {isa = PBXBuildFile; fileRef = 498EEE3D2CC7F9250043926A /* RedViewController.swift */; };
		498EEE412CC7F9250043926A /* Main.storyboard in Resources */ = {isa = PBXBuildFile; fileRef = 498EEE3F2CC7F9250043926A /* Main.storyboard */; };
		498EEE432CC7F9260043926A /* Assets.xcassets in Resources */ = {isa = PBXBuildFile; fileRef = 498EEE422CC7F9260043926A /* Assets.xcassets */; };
		498EEE462CC7F9260043926A /* LaunchScreen.storyboard in Resources */ = {isa = PBXBuildFile; fileRef = 498EEE442CC7F9260043926A /* LaunchScreen.storyboard */; };
		498EEE512CC7F9270043926A /* TrafficLightsTests.swift in Sources */ = {isa = PBXBuildFile; fileRef = 498EEE502CC7F9270043926A /* TrafficLightsTests.swift */; };
		498EEE5B2CC7F9270043926A /* TrafficLightsUITests.swift in Sources */ = {isa = PBXBuildFile; fileRef = 498EEE5A2CC7F9270043926A /* TrafficLightsUITests.swift */; };
		498EEE5D2CC7F9270043926A /* TrafficLightsUITestsLaunchTests.swift in Sources */ = {isa = PBXBuildFile; fileRef = 498EEE5C2CC7F9270043926A /* TrafficLightsUITestsLaunchTests.swift */; };
		498EEE6A2CC7FC040043926A /* YellowViewController.swift in Sources */ = {isa = PBXBuildFile; fileRef = 498EEE692CC7FC040043926A /* YellowViewController.swift */; };
/* End PBXBuildFile section */

/* Begin PBXContainerItemProxy section */
		498EEE4D2CC7F9270043926A /* PBXContainerItemProxy */ = {
			isa = PBXContainerItemProxy;
			containerPortal = 498EEE2E2CC7F9250043926A /* Project object */;
			proxyType = 1;
			remoteGlobalIDString = 498EEE352CC7F9250043926A;
			remoteInfo = TrafficLights;
		};
		498EEE572CC7F9270043926A /* PBXContainerItemProxy */ = {
			isa = PBXContainerItemProxy;
			containerPortal = 498EEE2E2CC7F9250043926A /* Project object */;
			proxyType = 1;
			remoteGlobalIDString = 498EEE352CC7F9250043926A;
			remoteInfo = TrafficLights;
		};
/* End PBXContainerItemProxy section */

/* Begin PBXFileReference section */
		491B01292CC7FF32003684B3 /* GreenViewController.swift */ = {isa = PBXFileReference; lastKnownFileType = sourcecode.swift; path = GreenViewController.swift; sourceTree = "<group>"; };
		498EEE362CC7F9250043926A /* TrafficLights.app */ = {isa = PBXFileReference; explicitFileType = wrapper.application; includeInIndex = 0; path = TrafficLights.app; sourceTree = BUILT_PRODUCTS_DIR; };
		498EEE392CC7F9250043926A /* AppDelegate.swift */ = {isa = PBXFileReference; lastKnownFileType = sourcecode.swift; path = AppDelegate.swift; sourceTree = "<group>"; };
		498EEE3B2CC7F9250043926A /* SceneDelegate.swift */ = {isa = PBXFileReference; lastKnownFileType = sourcecode.swift; path = SceneDelegate.swift; sourceTree = "<group>"; };
		498EEE3D2CC7F9250043926A /* RedViewController.swift */ = {isa = PBXFileReference; lastKnownFileType = sourcecode.swift; path = RedViewController.swift; sourceTree = "<group>"; };
		498EEE402CC7F9250043926A /* Base */ = {isa = PBXFileReference; lastKnownFileType = file.storyboard; name = Base; path = Base.lproj/Main.storyboard; sourceTree = "<group>"; };
		498EEE422CC7F9260043926A /* Assets.xcassets */ = {isa = PBXFileReference; lastKnownFileType = folder.assetcatalog; path = Assets.xcassets; sourceTree = "<group>"; };
		498EEE452CC7F9260043926A /* Base */ = {isa = PBXFileReference; lastKnownFileType = file.storyboard; name = Base; path = Base.lproj/LaunchScreen.storyboard; sourceTree = "<group>"; };
		498EEE472CC7F9260043926A /* Info.plist */ = {isa = PBXFileReference; lastKnownFileType = text.plist.xml; path = Info.plist; sourceTree = "<group>"; };
		498EEE4C2CC7F9270043926A /* TrafficLightsTests.xctest */ = {isa = PBXFileReference; explicitFileType = wrapper.cfbundle; includeInIndex = 0; path = TrafficLightsTests.xctest; sourceTree = BUILT_PRODUCTS_DIR; };
		498EEE502CC7F9270043926A /* TrafficLightsTests.swift */ = {isa = PBXFileReference; lastKnownFileType = sourcecode.swift; path = TrafficLightsTests.swift; sourceTree = "<group>"; };
		498EEE562CC7F9270043926A /* TrafficLightsUITests.xctest */ = {isa = PBXFileReference; explicitFileType = wrapper.cfbundle; includeInIndex = 0; path = TrafficLightsUITests.xctest; sourceTree = BUILT_PRODUCTS_DIR; };
		498EEE5A2CC7F9270043926A /* TrafficLightsUITests.swift */ = {isa = PBXFileReference; lastKnownFileType = sourcecode.swift; path = TrafficLightsUITests.swift; sourceTree = "<group>"; };
		498EEE5C2CC7F9270043926A /* TrafficLightsUITestsLaunchTests.swift */ = {isa = PBXFileReference; lastKnownFileType = sourcecode.swift; path = TrafficLightsUITestsLaunchTests.swift; sourceTree = "<group>"; };
		498EEE692CC7FC040043926A /* YellowViewController.swift */ = {isa = PBXFileReference; lastKnownFileType = sourcecode.swift; path = YellowViewController.swift; sourceTree = "<group>"; };
/* End PBXFileReference section */

/* Begin PBXFrameworksBuildPhase section */
		498EEE332CC7F9250043926A /* Frameworks */ = {
			isa = PBXFrameworksBuildPhase;
			buildActionMask = 2147483647;
			files = (
			);
			runOnlyForDeploymentPostprocessing = 0;
		};
		498EEE492CC7F9270043926A /* Frameworks */ = {
			isa = PBXFrameworksBuildPhase;
			buildActionMask = 2147483647;
			files = (
			);
			runOnlyForDeploymentPostprocessing = 0;
		};
		498EEE532CC7F9270043926A /* Frameworks */ = {
			isa = PBXFrameworksBuildPhase;
			buildActionMask = 2147483647;
			files = (
			);
			runOnlyForDeploymentPostprocessing = 0;
		};
/* End PBXFrameworksBuildPhase section */

/* Begin PBXGroup section */
		498EEE2D2CC7F9250043926A = {
			isa = PBXGroup;
			children = (
				498EEE382CC7F9250043926A /* TrafficLights */,
				498EEE4F2CC7F9270043926A /* TrafficLightsTests */,
				498EEE592CC7F9270043926A /* TrafficLightsUITests */,
				498EEE372CC7F9250043926A /* Products */,
			);
			sourceTree = "<group>";
		};
		498EEE372CC7F9250043926A /* Products */ = {
			isa = PBXGroup;
			children = (
				498EEE362CC7F9250043926A /* TrafficLights.app */,
				498EEE4C2CC7F9270043926A /* TrafficLightsTests.xctest */,
				498EEE562CC7F9270043926A /* TrafficLightsUITests.xctest */,
			);
			name = Products;
			sourceTree = "<group>";
		};
		498EEE382CC7F9250043926A /* TrafficLights */ = {
			isa = PBXGroup;
			children = (
				498EEE392CC7F9250043926A /* AppDelegate.swift */,
				498EEE3B2CC7F9250043926A /* SceneDelegate.swift */,
				498EEE6B2CC7FC0E0043926A /* ViewControllers */,
				498EEE3F2CC7F9250043926A /* Main.storyboard */,
				498EEE422CC7F9260043926A /* Assets.xcassets */,
				498EEE442CC7F9260043926A /* LaunchScreen.storyboard */,
				498EEE472CC7F9260043926A /* Info.plist */,
			);
			path = TrafficLights;
			sourceTree = "<group>";
		};
		498EEE4F2CC7F9270043926A /* TrafficLightsTests */ = {
			isa = PBXGroup;
			children = (
				498EEE502CC7F9270043926A /* TrafficLightsTests.swift */,
			);
			path = TrafficLightsTests;
			sourceTree = "<group>";
		};
		498EEE592CC7F9270043926A /* TrafficLightsUITests */ = {
			isa = PBXGroup;
			children = (
				498EEE5A2CC7F9270043926A /* TrafficLightsUITests.swift */,
				498EEE5C2CC7F9270043926A /* TrafficLightsUITestsLaunchTests.swift */,
			);
			path = TrafficLightsUITests;
			sourceTree = "<group>";
		};
		498EEE6B2CC7FC0E0043926A /* ViewControllers */ = {
			isa = PBXGroup;
			children = (
				498EEE3D2CC7F9250043926A /* RedViewController.swift */,
				498EEE692CC7FC040043926A /* YellowViewController.swift */,
				491B01292CC7FF32003684B3 /* GreenViewController.swift */,
			);
			path = ViewControllers;
			sourceTree = "<group>";
		};
/* End PBXGroup section */

/* Begin PBXNativeTarget section */
		498EEE352CC7F9250043926A /* TrafficLights */ = {
			isa = PBXNativeTarget;
			buildConfigurationList = 498EEE602CC7F9270043926A /* Build configuration list for PBXNativeTarget "TrafficLights" */;
			buildPhases = (
				498EEE322CC7F9250043926A /* Sources */,
				498EEE332CC7F9250043926A /* Frameworks */,
				498EEE342CC7F9250043926A /* Resources */,
			);
			buildRules = (
			);
			dependencies = (
			);
			name = TrafficLights;
			productName = TrafficLights;
			productReference = 498EEE362CC7F9250043926A /* TrafficLights.app */;
			productType = "com.apple.product-type.application";
		};
		498EEE4B2CC7F9270043926A /* TrafficLightsTests */ = {
			isa = PBXNativeTarget;
			buildConfigurationList = 498EEE632CC7F9270043926A /* Build configuration list for PBXNativeTarget "TrafficLightsTests" */;
			buildPhases = (
				498EEE482CC7F9270043926A /* Sources */,
				498EEE492CC7F9270043926A /* Frameworks */,
				498EEE4A2CC7F9270043926A /* Resources */,
			);
			buildRules = (
			);
			dependencies = (
				498EEE4E2CC7F9270043926A /* PBXTargetDependency */,
			);
			name = TrafficLightsTests;
			productName = TrafficLightsTests;
			productReference = 498EEE4C2CC7F9270043926A /* TrafficLightsTests.xctest */;
			productType = "com.apple.product-type.bundle.unit-test";
		};
		498EEE552CC7F9270043926A /* TrafficLightsUITests */ = {
			isa = PBXNativeTarget;
			buildConfigurationList = 498EEE662CC7F9270043926A /* Build configuration list for PBXNativeTarget "TrafficLightsUITests" */;
			buildPhases = (
				498EEE522CC7F9270043926A /* Sources */,
				498EEE532CC7F9270043926A /* Frameworks */,
				498EEE542CC7F9270043926A /* Resources */,
			);
			buildRules = (
			);
			dependencies = (
				498EEE582CC7F9270043926A /* PBXTargetDependency */,
			);
			name = TrafficLightsUITests;
			productName = TrafficLightsUITests;
			productReference = 498EEE562CC7F9270043926A /* TrafficLightsUITests.xctest */;
			productType = "com.apple.product-type.bundle.ui-testing";
		};
/* End PBXNativeTarget section */

/* Begin PBXProject section */
		498EEE2E2CC7F9250043926A /* Project object */ = {
			isa = PBXProject;
			attributes = {
				BuildIndependentTargetsInParallel = 1;
				LastSwiftUpdateCheck = 1520;
				LastUpgradeCheck = 1520;
				TargetAttributes = {
					498EEE352CC7F9250043926A = {
						CreatedOnToolsVersion = 15.2;
					};
					498EEE4B2CC7F9270043926A = {
						CreatedOnToolsVersion = 15.2;
						TestTargetID = 498EEE352CC7F9250043926A;
					};
					498EEE552CC7F9270043926A = {
						CreatedOnToolsVersion = 15.2;
						TestTargetID = 498EEE352CC7F9250043926A;
					};
				};
			};
			buildConfigurationList = 498EEE312CC7F9250043926A /* Build configuration list for PBXProject "TrafficLights" */;
			compatibilityVersion = "Xcode 14.0";
			developmentRegion = en;
			hasScannedForEncodings = 0;
			knownRegions = (
				en,
				Base,
			);
			mainGroup = 498EEE2D2CC7F9250043926A;
			productRefGroup = 498EEE372CC7F9250043926A /* Products */;
			projectDirPath = "";
			projectRoot = "";
			targets = (
				498EEE352CC7F9250043926A /* TrafficLights */,
				498EEE4B2CC7F9270043926A /* TrafficLightsTests */,
				498EEE552CC7F9270043926A /* TrafficLightsUITests */,
			);
		};
/* End PBXProject section */

/* Begin PBXResourcesBuildPhase section */
		498EEE342CC7F9250043926A /* Resources */ = {
			isa = PBXResourcesBuildPhase;
			buildActionMask = 2147483647;
			files = (
				498EEE462CC7F9260043926A /* LaunchScreen.storyboard in Resources */,
				498EEE432CC7F9260043926A /* Assets.xcassets in Resources */,
				498EEE412CC7F9250043926A /* Main.storyboard in Resources */,
			);
			runOnlyForDeploymentPostprocessing = 0;
		};
		498EEE4A2CC7F9270043926A /* Resources */ = {
			isa = PBXResourcesBuildPhase;
			buildActionMask = 2147483647;
			files = (
			);
			runOnlyForDeploymentPostprocessing = 0;
		};
		498EEE542CC7F9270043926A /* Resources */ = {
			isa = PBXResourcesBuildPhase;
			buildActionMask = 2147483647;
			files = (
			);
			runOnlyForDeploymentPostprocessing = 0;
		};
/* End PBXResourcesBuildPhase section */

/* Begin PBXSourcesBuildPhase section */
		498EEE322CC7F9250043926A /* Sources */ = {
			isa = PBXSourcesBuildPhase;
			buildActionMask = 2147483647;
			files = (
				498EEE6A2CC7FC040043926A /* YellowViewController.swift in Sources */,
				498EEE3E2CC7F9250043926A /* RedViewController.swift in Sources */,
				498EEE3A2CC7F9250043926A /* AppDelegate.swift in Sources */,
				498EEE3C2CC7F9250043926A /* SceneDelegate.swift in Sources */,
				491B012A2CC7FF32003684B3 /* GreenViewController.swift in Sources */,
			);
			runOnlyForDeploymentPostprocessing = 0;
		};
		498EEE482CC7F9270043926A /* Sources */ = {
			isa = PBXSourcesBuildPhase;
			buildActionMask = 2147483647;
			files = (
				498EEE512CC7F9270043926A /* TrafficLightsTests.swift in Sources */,
			);
			runOnlyForDeploymentPostprocessing = 0;
		};
		498EEE522CC7F9270043926A /* Sources */ = {
			isa = PBXSourcesBuildPhase;
			buildActionMask = 2147483647;
			files = (
				498EEE5B2CC7F9270043926A /* TrafficLightsUITests.swift in Sources */,
				498EEE5D2CC7F9270043926A /* TrafficLightsUITestsLaunchTests.swift in Sources */,
			);
			runOnlyForDeploymentPostprocessing = 0;
		};
/* End PBXSourcesBuildPhase section */

/* Begin PBXTargetDependency section */
		498EEE4E2CC7F9270043926A /* PBXTargetDependency */ = {
			isa = PBXTargetDependency;
			target = 498EEE352CC7F9250043926A /* TrafficLights */;
			targetProxy = 498EEE4D2CC7F9270043926A /* PBXContainerItemProxy */;
		};
		498EEE582CC7F9270043926A /* PBXTargetDependency */ = {
			isa = PBXTargetDependency;
			target = 498EEE352CC7F9250043926A /* TrafficLights */;
			targetProxy = 498EEE572CC7F9270043926A /* PBXContainerItemProxy */;
		};
/* End PBXTargetDependency section */

/* Begin PBXVariantGroup section */
		498EEE3F2CC7F9250043926A /* Main.storyboard */ = {
			isa = PBXVariantGroup;
			children = (
				498EEE402CC7F9250043926A /* Base */,
			);
			name = Main.storyboard;
			sourceTree = "<group>";
		};
		498EEE442CC7F9260043926A /* LaunchScreen.storyboard */ = {
			isa = PBXVariantGroup;
			children = (
				498EEE452CC7F9260043926A /* Base */,
			);
			name = LaunchScreen.storyboard;
			sourceTree = "<group>";
		};
/* End PBXVariantGroup section */

/* Begin XCBuildConfiguration section */
		498EEE5E2CC7F9270043926A /* Debug */ = {
			isa = XCBuildConfiguration;
			buildSettings = {
				ALWAYS_SEARCH_USER_PATHS = NO;
				ASSETCATALOG_COMPILER_GENERATE_SWIFT_ASSET_SYMBOL_EXTENSIONS = YES;
				CLANG_ANALYZER_NONNULL = YES;
				CLANG_ANALYZER_NUMBER_OBJECT_CONVERSION = YES_AGGRESSIVE;
				CLANG_CXX_LANGUAGE_STANDARD = "gnu++20";
				CLANG_ENABLE_MODULES = YES;
				CLANG_ENABLE_OBJC_ARC = YES;
				CLANG_ENABLE_OBJC_WEAK = YES;
				CLANG_WARN_BLOCK_CAPTURE_AUTORELEASING = YES;
				CLANG_WARN_BOOL_CONVERSION = YES;
				CLANG_WARN_COMMA = YES;
				CLANG_WARN_CONSTANT_CONVERSION = YES;
				CLANG_WARN_DEPRECATED_OBJC_IMPLEMENTATIONS = YES;
				CLANG_WARN_DIRECT_OBJC_ISA_USAGE = YES_ERROR;
				CLANG_WARN_DOCUMENTATION_COMMENTS = YES;
				CLANG_WARN_EMPTY_BODY = YES;
				CLANG_WARN_ENUM_CONVERSION = YES;
				CLANG_WARN_INFINITE_RECURSION = YES;
				CLANG_WARN_INT_CONVERSION = YES;
				CLANG_WARN_NON_LITERAL_NULL_CONVERSION = YES;
				CLANG_WARN_OBJC_IMPLICIT_RETAIN_SELF = YES;
				CLANG_WARN_OBJC_LITERAL_CONVERSION = YES;
				CLANG_WARN_OBJC_ROOT_CLASS = YES_ERROR;
				CLANG_WARN_QUOTED_INCLUDE_IN_FRAMEWORK_HEADER = YES;
				CLANG_WARN_RANGE_LOOP_ANALYSIS = YES;
				CLANG_WARN_STRICT_PROTOTYPES = YES;
				CLANG_WARN_SUSPICIOUS_MOVE = YES;
				CLANG_WARN_UNGUARDED_AVAILABILITY = YES_AGGRESSIVE;
				CLANG_WARN_UNREACHABLE_CODE = YES;
				CLANG_WARN__DUPLICATE_METHOD_MATCH = YES;
				COPY_PHASE_STRIP = NO;
				DEBUG_INFORMATION_FORMAT = dwarf;
				ENABLE_STRICT_OBJC_MSGSEND = YES;
				ENABLE_TESTABILITY = YES;
				ENABLE_USER_SCRIPT_SANDBOXING = YES;
				GCC_C_LANGUAGE_STANDARD = gnu17;
				GCC_DYNAMIC_NO_PIC = NO;
				GCC_NO_COMMON_BLOCKS = YES;
				GCC_OPTIMIZATION_LEVEL = 0;
				GCC_PREPROCESSOR_DEFINITIONS = (
					"DEBUG=1",
					"$(inherited)",
				);
				GCC_WARN_64_TO_32_BIT_CONVERSION = YES;
				GCC_WARN_ABOUT_RETURN_TYPE = YES_ERROR;
				GCC_WARN_UNDECLARED_SELECTOR = YES;
				GCC_WARN_UNINITIALIZED_AUTOS = YES_AGGRESSIVE;
				GCC_WARN_UNUSED_FUNCTION = YES;
				GCC_WARN_UNUSED_VARIABLE = YES;
				IPHONEOS_DEPLOYMENT_TARGET = 17.2;
				LOCALIZATION_PREFERS_STRING_CATALOGS = YES;
				MTL_ENABLE_DEBUG_INFO = INCLUDE_SOURCE;
				MTL_FAST_MATH = YES;
				ONLY_ACTIVE_ARCH = YES;
				SDKROOT = iphoneos;
				SWIFT_ACTIVE_COMPILATION_CONDITIONS = "DEBUG $(inherited)";
				SWIFT_OPTIMIZATION_LEVEL = "-Onone";
			};
			name = Debug;
		};
		498EEE5F2CC7F9270043926A /* Release */ = {
			isa = XCBuildConfiguration;
			buildSettings = {
				ALWAYS_SEARCH_USER_PATHS = NO;
				ASSETCATALOG_COMPILER_GENERATE_SWIFT_ASSET_SYMBOL_EXTENSIONS = YES;
				CLANG_ANALYZER_NONNULL = YES;
				CLANG_ANALYZER_NUMBER_OBJECT_CONVERSION = YES_AGGRESSIVE;
				CLANG_CXX_LANGUAGE_STANDARD = "gnu++20";
				CLANG_ENABLE_MODULES = YES;
				CLANG_ENABLE_OBJC_ARC = YES;
				CLANG_ENABLE_OBJC_WEAK = YES;
				CLANG_WARN_BLOCK_CAPTURE_AUTORELEASING = YES;
				CLANG_WARN_BOOL_CONVERSION = YES;
				CLANG_WARN_COMMA = YES;
				CLANG_WARN_CONSTANT_CONVERSION = YES;
				CLANG_WARN_DEPRECATED_OBJC_IMPLEMENTATIONS = YES;
				CLANG_WARN_DIRECT_OBJC_ISA_USAGE = YES_ERROR;
				CLANG_WARN_DOCUMENTATION_COMMENTS = YES;
				CLANG_WARN_EMPTY_BODY = YES;
				CLANG_WARN_ENUM_CONVERSION = YES;
				CLANG_WARN_INFINITE_RECURSION = YES;
				CLANG_WARN_INT_CONVERSION = YES;
				CLANG_WARN_NON_LITERAL_NULL_CONVERSION = YES;
				CLANG_WARN_OBJC_IMPLICIT_RETAIN_SELF = YES;
				CLANG_WARN_OBJC_LITERAL_CONVERSION = YES;
				CLANG_WARN_OBJC_ROOT_CLASS = YES_ERROR;
				CLANG_WARN_QUOTED_INCLUDE_IN_FRAMEWORK_HEADER = YES;
				CLANG_WARN_RANGE_LOOP_ANALYSIS = YES;
				CLANG_WARN_STRICT_PROTOTYPES = YES;
				CLANG_WARN_SUSPICIOUS_MOVE = YES;
				CLANG_WARN_UNGUARDED_AVAILABILITY = YES_AGGRESSIVE;
				CLANG_WARN_UNREACHABLE_CODE = YES;
				CLANG_WARN__DUPLICATE_METHOD_MATCH = YES;
				COPY_PHASE_STRIP = NO;
				DEBUG_INFORMATION_FORMAT = "dwarf-with-dsym";
				ENABLE_NS_ASSERTIONS = NO;
				ENABLE_STRICT_OBJC_MSGSEND = YES;
				ENABLE_USER_SCRIPT_SANDBOXING = YES;
				GCC_C_LANGUAGE_STANDARD = gnu17;
				GCC_NO_COMMON_BLOCKS = YES;
				GCC_WARN_64_TO_32_BIT_CONVERSION = YES;
				GCC_WARN_ABOUT_RETURN_TYPE = YES_ERROR;
				GCC_WARN_UNDECLARED_SELECTOR = YES;
				GCC_WARN_UNINITIALIZED_AUTOS = YES_AGGRESSIVE;
				GCC_WARN_UNUSED_FUNCTION = YES;
				GCC_WARN_UNUSED_VARIABLE = YES;
				IPHONEOS_DEPLOYMENT_TARGET = 17.2;
				LOCALIZATION_PREFERS_STRING_CATALOGS = YES;
				MTL_ENABLE_DEBUG_INFO = NO;
				MTL_FAST_MATH = YES;
				SDKROOT = iphoneos;
				SWIFT_COMPILATION_MODE = wholemodule;
				VALIDATE_PRODUCT = YES;
			};
			name = Release;
		};
		498EEE612CC7F9270043926A /* Debug */ = {
			isa = XCBuildConfiguration;
			buildSettings = {
				ASSETCATALOG_COMPILER_APPICON_NAME = AppIcon;
				ASSETCATALOG_COMPILER_GLOBAL_ACCENT_COLOR_NAME = AccentColor;
				CODE_SIGN_STYLE = Automatic;
				CURRENT_PROJECT_VERSION = 1;
				DEVELOPMENT_TEAM = HUSSB9QG5P;
				GENERATE_INFOPLIST_FILE = YES;
				INFOPLIST_FILE = TrafficLights/Info.plist;
				INFOPLIST_KEY_UIApplicationSupportsIndirectInputEvents = YES;
				INFOPLIST_KEY_UILaunchStoryboardName = LaunchScreen;
				INFOPLIST_KEY_UIMainStoryboardFile = Main;
				INFOPLIST_KEY_UISupportedInterfaceOrientations_iPad = "UIInterfaceOrientationPortrait UIInterfaceOrientationPortraitUpsideDown UIInterfaceOrientationLandscapeLeft UIInterfaceOrientationLandscapeRight";
				INFOPLIST_KEY_UISupportedInterfaceOrientations_iPhone = "UIInterfaceOrientationPortrait UIInterfaceOrientationLandscapeLeft UIInterfaceOrientationLandscapeRight";
				LD_RUNPATH_SEARCH_PATHS = (
					"$(inherited)",
					"@executable_path/Frameworks",
				);
				MARKETING_VERSION = 1.0;
				PRODUCT_BUNDLE_IDENTIFIER = stefanocasafranca.TrafficLights;
				PRODUCT_NAME = "$(TARGET_NAME)";
				SWIFT_EMIT_LOC_STRINGS = YES;
				SWIFT_VERSION = 5.0;
				TARGETED_DEVICE_FAMILY = "1,2";
			};
			name = Debug;
		};
		498EEE622CC7F9270043926A /* Release */ = {
			isa = XCBuildConfiguration;
			buildSettings = {
				ASSETCATALOG_COMPILER_APPICON_NAME = AppIcon;
				ASSETCATALOG_COMPILER_GLOBAL_ACCENT_COLOR_NAME = AccentColor;
				CODE_SIGN_STYLE = Automatic;
				CURRENT_PROJECT_VERSION = 1;
				DEVELOPMENT_TEAM = HUSSB9QG5P;
				GENERATE_INFOPLIST_FILE = YES;
				INFOPLIST_FILE = TrafficLights/Info.plist;
				INFOPLIST_KEY_UIApplicationSupportsIndirectInputEvents = YES;
				INFOPLIST_KEY_UILaunchStoryboardName = LaunchScreen;
				INFOPLIST_KEY_UIMainStoryboardFile = Main;
				INFOPLIST_KEY_UISupportedInterfaceOrientations_iPad = "UIInterfaceOrientationPortrait UIInterfaceOrientationPortraitUpsideDown UIInterfaceOrientationLandscapeLeft UIInterfaceOrientationLandscapeRight";
				INFOPLIST_KEY_UISupportedInterfaceOrientations_iPhone = "UIInterfaceOrientationPortrait UIInterfaceOrientationLandscapeLeft UIInterfaceOrientationLandscapeRight";
				LD_RUNPATH_SEARCH_PATHS = (
					"$(inherited)",
					"@executable_path/Frameworks",
				);
				MARKETING_VERSION = 1.0;
				PRODUCT_BUNDLE_IDENTIFIER = stefanocasafranca.TrafficLights;
				PRODUCT_NAME = "$(TARGET_NAME)";
				SWIFT_EMIT_LOC_STRINGS = YES;
				SWIFT_VERSION = 5.0;
				TARGETED_DEVICE_FAMILY = "1,2";
			};
			name = Release;
		};
		498EEE642CC7F9270043926A /* Debug */ = {
			isa = XCBuildConfiguration;
			buildSettings = {
				ALWAYS_EMBED_SWIFT_STANDARD_LIBRARIES = YES;
				BUNDLE_LOADER = "$(TEST_HOST)";
				CODE_SIGN_STYLE = Automatic;
				CURRENT_PROJECT_VERSION = 1;
				DEVELOPMENT_TEAM = HUSSB9QG5P;
				GENERATE_INFOPLIST_FILE = YES;
				IPHONEOS_DEPLOYMENT_TARGET = 17.2;
				MARKETING_VERSION = 1.0;
				PRODUCT_BUNDLE_IDENTIFIER = stefanocasafranca.TrafficLightsTests;
				PRODUCT_NAME = "$(TARGET_NAME)";
				SWIFT_EMIT_LOC_STRINGS = NO;
				SWIFT_VERSION = 5.0;
				TARGETED_DEVICE_FAMILY = "1,2";
				TEST_HOST = "$(BUILT_PRODUCTS_DIR)/TrafficLights.app/$(BUNDLE_EXECUTABLE_FOLDER_PATH)/TrafficLights";
			};
			name = Debug;
		};
		498EEE652CC7F9270043926A /* Release */ = {
			isa = XCBuildConfiguration;
			buildSettings = {
				ALWAYS_EMBED_SWIFT_STANDARD_LIBRARIES = YES;
				BUNDLE_LOADER = "$(TEST_HOST)";
				CODE_SIGN_STYLE = Automatic;
				CURRENT_PROJECT_VERSION = 1;
				DEVELOPMENT_TEAM = HUSSB9QG5P;
				GENERATE_INFOPLIST_FILE = YES;
				IPHONEOS_DEPLOYMENT_TARGET = 17.2;
				MARKETING_VERSION = 1.0;
				PRODUCT_BUNDLE_IDENTIFIER = stefanocasafranca.TrafficLightsTests;
				PRODUCT_NAME = "$(TARGET_NAME)";
				SWIFT_EMIT_LOC_STRINGS = NO;
				SWIFT_VERSION = 5.0;
				TARGETED_DEVICE_FAMILY = "1,2";
				TEST_HOST = "$(BUILT_PRODUCTS_DIR)/TrafficLights.app/$(BUNDLE_EXECUTABLE_FOLDER_PATH)/TrafficLights";
			};
			name = Release;
		};
		498EEE672CC7F9270043926A /* Debug */ = {
			isa = XCBuildConfiguration;
			buildSettings = {
				ALWAYS_EMBED_SWIFT_STANDARD_LIBRARIES = YES;
				CODE_SIGN_STYLE = Automatic;
				CURRENT_PROJECT_VERSION = 1;
				DEVELOPMENT_TEAM = HUSSB9QG5P;
				GENERATE_INFOPLIST_FILE = YES;
				MARKETING_VERSION = 1.0;
				PRODUCT_BUNDLE_IDENTIFIER = stefanocasafranca.TrafficLightsUITests;
				PRODUCT_NAME = "$(TARGET_NAME)";
				SWIFT_EMIT_LOC_STRINGS = NO;
				SWIFT_VERSION = 5.0;
				TARGETED_DEVICE_FAMILY = "1,2";
				TEST_TARGET_NAME = TrafficLights;
			};
			name = Debug;
		};
		498EEE682CC7F9270043926A /* Release */ = {
			isa = XCBuildConfiguration;
			buildSettings = {
				ALWAYS_EMBED_SWIFT_STANDARD_LIBRARIES = YES;
				CODE_SIGN_STYLE = Automatic;
				CURRENT_PROJECT_VERSION = 1;
				DEVELOPMENT_TEAM = HUSSB9QG5P;
				GENERATE_INFOPLIST_FILE = YES;
				MARKETING_VERSION = 1.0;
				PRODUCT_BUNDLE_IDENTIFIER = stefanocasafranca.TrafficLightsUITests;
				PRODUCT_NAME = "$(TARGET_NAME)";
				SWIFT_EMIT_LOC_STRINGS = NO;
				SWIFT_VERSION = 5.0;
				TARGETED_DEVICE_FAMILY = "1,2";
				TEST_TARGET_NAME = TrafficLights;
			};
			name = Release;
		};
/* End XCBuildConfiguration section */

/* Begin XCConfigurationList section */
		498EEE312CC7F9250043926A /* Build configuration list for PBXProject "TrafficLights" */ = {
			isa = XCConfigurationList;
			buildConfigurations = (
				498EEE5E2CC7F9270043926A /* Debug */,
				498EEE5F2CC7F9270043926A /* Release */,
			);
			defaultConfigurationIsVisible = 0;
			defaultConfigurationName = Release;
		};
		498EEE602CC7F9270043926A /* Build configuration list for PBXNativeTarget "TrafficLights" */ = {
			isa = XCConfigurationList;
			buildConfigurations = (
				498EEE612CC7F9270043926A /* Debug */,
				498EEE622CC7F9270043926A /* Release */,
			);
			defaultConfigurationIsVisible = 0;
			defaultConfigurationName = Release;
		};
		498EEE632CC7F9270043926A /* Build configuration list for PBXNativeTarget "TrafficLightsTests" */ = {
			isa = XCConfigurationList;
			buildConfigurations = (
				498EEE642CC7F9270043926A /* Debug */,
				498EEE652CC7F9270043926A /* Release */,
			);
			defaultConfigurationIsVisible = 0;
			defaultConfigurationName = Release;
		};
		498EEE662CC7F9270043926A /* Build configuration list for PBXNativeTarget "TrafficLightsUITests" */ = {
			isa = XCConfigurationList;
			buildConfigurations = (
				498EEE672CC7F9270043926A /* Debug */,
				498EEE682CC7F9270043926A /* Release */,
			);
			defaultConfigurationIsVisible = 0;
			defaultConfigurationName = Release;
		};
/* End XCConfigurationList section */
	};
	rootObject = 498EEE2E2CC7F9250043926A /* Project object */;
}
